{
    "_readme": [
        "This file locks the dependencies of your project to a known state",
        "Read more about it at https://getcomposer.org/doc/01-basic-usage.md#installing-dependencies",
        "This file is @generated automatically"
    ],
    "content-hash": "b47ce5858dcdacf630f1a665f129fb50",
    "packages": [
        {
            "name": "bayfrontmedia/php-string-helpers",
            "version": "1.0.0",
            "source": {
                "type": "git",
                "url": "https://github.com/bayfrontmedia/php-string-helpers.git",
                "reference": "e831a032d07559223b6014354cbdbdcb4a3c41fb"
            },
            "dist": {
                "type": "zip",
                "url": "https://api.github.com/repos/bayfrontmedia/php-string-helpers/zipball/e831a032d07559223b6014354cbdbdcb4a3c41fb",
                "reference": "e831a032d07559223b6014354cbdbdcb4a3c41fb",
                "shasum": ""
            },
            "require": {
                "ext-iconv": "*",
                "ext-mbstring": "*",
                "php": ">=7.1.0"
            },
            "type": "library",
            "autoload": {
                "psr-4": {
                    "Bayfront\\StringHelpers\\": "src/"
                }
            },
            "notification-url": "https://packagist.org/downloads/",
            "license": [
                "MIT"
            ],
            "authors": [
                {
                    "name": "John Robinson",
                    "email": "john@bayfrontmedia.com",
                    "homepage": "https://www.bayfrontmedia.com",
                    "role": "Developer"
                }
            ],
            "description": "Helper class to provide useful string functions.",
            "homepage": "https://github.com/bayfrontmedia/php-string-helpers",
            "keywords": [
                "function",
                "helper",
                "helpers",
                "php",
                "string"
            ],
            "time": "2020-07-27T19:32:18+00:00"
        },
        {
            "name": "dragonmantank/cron-expression",
            "version": "3.0.1",
            "source": {
                "type": "git",
                "url": "https://github.com/dragonmantank/cron-expression.git",
                "reference": "fa4e95ff5a7f1d62c3fbc05c32729b7f3ca14b52"
            },
            "dist": {
                "type": "zip",
                "url": "https://api.github.com/repos/dragonmantank/cron-expression/zipball/fa4e95ff5a7f1d62c3fbc05c32729b7f3ca14b52",
                "reference": "fa4e95ff5a7f1d62c3fbc05c32729b7f3ca14b52",
                "shasum": ""
            },
            "require": {
                "php": "^7.1"
            },
            "replace": {
                "mtdowling/cron-expression": "^1.0"
            },
            "require-dev": {
                "phpstan/phpstan": "^0.11",
                "phpunit/phpunit": "^6.4|^7.0"
            },
            "type": "library",
            "autoload": {
                "psr-4": {
                    "Cron\\": "src/Cron/"
                }
            },
            "notification-url": "https://packagist.org/downloads/",
            "license": [
                "MIT"
            ],
            "authors": [
                {
                    "name": "Chris Tankersley",
                    "email": "chris@ctankersley.com",
                    "homepage": "https://github.com/dragonmantank"
                }
            ],
            "description": "CRON for PHP: Calculate the next or previous run date and determine if a CRON expression is due",
            "keywords": [
                "cron",
                "schedule"
            ],
            "time": "2020-08-21T02:30:13+00:00"
        }
    ],
    "packages-dev": [],
    "aliases": [],
    "minimum-stability": "stable",
    "stability-flags": [],
    "prefer-stable": false,
    "prefer-lowest": false,
    "platform": {
        "php": ">=7.1.0"
    },
    "platform-dev": []
}
