{
    "_readme": [
        "This file locks the dependencies of your project to a known state",
        "Read more about it at https://getcomposer.org/doc/01-basic-usage.md#installing-dependencies",
        "This file is @generated automatically"
    ],
    "content-hash": "f75fca890baf661bc22f279638ba42cc",
    "packages": [
        {
            "name": "bayfrontmedia/php-string-helpers",
            "version": "1.0.0",
            "source": {
                "type": "git",
                "url": "https://github.com/bayfrontmedia/php-string-helpers.git",
                "reference": "e831a032d07559223b6014354cbdbdcb4a3c41fb"
            },
            "dist": {
                "type": "zip",
                "url": "https://api.github.com/repos/bayfrontmedia/php-string-helpers/zipball/e831a032d07559223b6014354cbdbdcb4a3c41fb",
                "reference": "e831a032d07559223b6014354cbdbdcb4a3c41fb",
                "shasum": ""
            },
            "require": {
                "ext-iconv": "*",
                "ext-mbstring": "*",
                "php": ">=7.1.0"
            },
            "type": "library",
            "autoload": {
                "psr-4": {
                    "Bayfront\\StringHelpers\\": "src/"
                }
            },
            "notification-url": "https://packagist.org/downloads/",
            "license": [
                "MIT"
            ],
            "authors": [
                {
                    "name": "John Robinson",
                    "email": "john@bayfrontmedia.com",
                    "homepage": "https://www.bayfrontmedia.com",
                    "role": "Developer"
                }
            ],
            "description": "Helper class to provide useful string functions.",
            "homepage": "https://github.com/bayfrontmedia/php-string-helpers",
            "keywords": [
                "function",
                "helper",
                "helpers",
                "php",
                "string"
            ],
            "support": {
                "issues": "https://github.com/bayfrontmedia/php-string-helpers/issues",
                "source": "https://github.com/bayfrontmedia/php-string-helpers/tree/v1.0.0"
            },
            "funding": [
                {
                    "url": "https://www.patreon.com/bayfrontmedia",
                    "type": "patreon"
                }
            ],
            "time": "2020-07-27T19:32:18+00:00"
        },
        {
            "name": "dragonmantank/cron-expression",
            "version": "v3.1.0",
            "source": {
                "type": "git",
                "url": "https://github.com/dragonmantank/cron-expression.git",
                "reference": "7a8c6e56ab3ffcc538d05e8155bb42269abf1a0c"
            },
            "dist": {
                "type": "zip",
                "url": "https://api.github.com/repos/dragonmantank/cron-expression/zipball/7a8c6e56ab3ffcc538d05e8155bb42269abf1a0c",
                "reference": "7a8c6e56ab3ffcc538d05e8155bb42269abf1a0c",
                "shasum": ""
            },
            "require": {
                "php": "^7.2|^8.0",
                "webmozart/assert": "^1.7.0"
            },
            "replace": {
                "mtdowling/cron-expression": "^1.0"
            },
            "require-dev": {
                "phpstan/extension-installer": "^1.0",
                "phpstan/phpstan": "^0.12",
                "phpstan/phpstan-webmozart-assert": "^0.12.7",
                "phpunit/phpunit": "^7.0|^8.0|^9.0"
            },
            "type": "library",
            "autoload": {
                "psr-4": {
                    "Cron\\": "src/Cron/"
                }
            },
            "notification-url": "https://packagist.org/downloads/",
            "license": [
                "MIT"
            ],
            "authors": [
                {
                    "name": "Chris Tankersley",
                    "email": "chris@ctankersley.com",
                    "homepage": "https://github.com/dragonmantank"
                }
            ],
            "description": "CRON for PHP: Calculate the next or previous run date and determine if a CRON expression is due",
            "keywords": [
                "cron",
                "schedule"
            ],
            "support": {
                "issues": "https://github.com/dragonmantank/cron-expression/issues",
                "source": "https://github.com/dragonmantank/cron-expression/tree/v3.1.0"
            },
            "funding": [
                {
                    "url": "https://github.com/dragonmantank",
                    "type": "github"
                }
            ],
            "time": "2020-11-24T19:55:57+00:00"
        },
        {
            "name": "symfony/polyfill-ctype",
            "version": "v1.20.0",
            "source": {
                "type": "git",
                "url": "https://github.com/symfony/polyfill-ctype.git",
                "reference": "f4ba089a5b6366e453971d3aad5fe8e897b37f41"
            },
            "dist": {
                "type": "zip",
                "url": "https://api.github.com/repos/symfony/polyfill-ctype/zipball/f4ba089a5b6366e453971d3aad5fe8e897b37f41",
                "reference": "f4ba089a5b6366e453971d3aad5fe8e897b37f41",
                "shasum": ""
            },
            "require": {
                "php": ">=7.1"
            },
            "suggest": {
                "ext-ctype": "For best performance"
            },
            "type": "library",
            "extra": {
                "branch-alias": {
                    "dev-main": "1.20-dev"
                },
                "thanks": {
                    "name": "symfony/polyfill",
                    "url": "https://github.com/symfony/polyfill"
                }
            },
            "autoload": {
                "psr-4": {
                    "Symfony\\Polyfill\\Ctype\\": ""
                },
                "files": [
                    "bootstrap.php"
                ]
            },
            "notification-url": "https://packagist.org/downloads/",
            "license": [
                "MIT"
            ],
            "authors": [
                {
                    "name": "Gert de Pagter",
                    "email": "BackEndTea@gmail.com"
                },
                {
                    "name": "Symfony Community",
                    "homepage": "https://symfony.com/contributors"
                }
            ],
            "description": "Symfony polyfill for ctype functions",
            "homepage": "https://symfony.com",
            "keywords": [
                "compatibility",
                "ctype",
                "polyfill",
                "portable"
            ],
            "support": {
                "source": "https://github.com/symfony/polyfill-ctype/tree/v1.20.0"
            },
            "funding": [
                {
                    "url": "https://symfony.com/sponsor",
                    "type": "custom"
                },
                {
                    "url": "https://github.com/fabpot",
                    "type": "github"
                },
                {
                    "url": "https://tidelift.com/funding/github/packagist/symfony/symfony",
                    "type": "tidelift"
                }
            ],
            "time": "2020-10-23T14:02:19+00:00"
        },
        {
            "name": "webmozart/assert",
            "version": "1.9.1",
            "source": {
                "type": "git",
                "url": "https://github.com/webmozart/assert.git",
                "reference": "bafc69caeb4d49c39fd0779086c03a3738cbb389"
            },
            "dist": {
                "type": "zip",
                "url": "https://api.github.com/repos/webmozart/assert/zipball/bafc69caeb4d49c39fd0779086c03a3738cbb389",
                "reference": "bafc69caeb4d49c39fd0779086c03a3738cbb389",
                "shasum": ""
            },
            "require": {
                "php": "^5.3.3 || ^7.0 || ^8.0",
                "symfony/polyfill-ctype": "^1.8"
            },
            "conflict": {
                "phpstan/phpstan": "<0.12.20",
                "vimeo/psalm": "<3.9.1"
            },
            "require-dev": {
                "phpunit/phpunit": "^4.8.36 || ^7.5.13"
            },
            "type": "library",
            "autoload": {
                "psr-4": {
                    "Webmozart\\Assert\\": "src/"
                }
            },
            "notification-url": "https://packagist.org/downloads/",
            "license": [
                "MIT"
            ],
            "authors": [
                {
                    "name": "Bernhard Schussek",
                    "email": "bschussek@gmail.com"
                }
            ],
            "description": "Assertions to validate method input/output with nice error messages.",
            "keywords": [
                "assert",
                "check",
                "validate"
            ],
            "support": {
                "issues": "https://github.com/webmozart/assert/issues",
                "source": "https://github.com/webmozart/assert/tree/master"
            },
            "time": "2020-07-08T17:02:28+00:00"
        }
    ],
    "packages-dev": [],
    "aliases": [],
    "minimum-stability": "stable",
    "stability-flags": [],
    "prefer-stable": false,
    "prefer-lowest": false,
    "platform": {
        "php": ">=7.1.0"
    },
    "platform-dev": [],
    "plugin-api-version": "2.0.0"
}
